github.com/inhies/go-bytesize v0.0.0-20220417184213-4913239db9cf h1:FtEj8sfIcaaBfAKrE1Cwb61YDtYq9JxChK1c7AKce7s=
github.com/inhies/go-bytesize v0.0.0-20220417184213-4913239db9cf/go.mod h1:yrqSXGoD/4EKfF26AOGzscPOgTTJcyAwM2rpixWT+t4=
github.com/schollz/progressbar v1.0.0 h1:gbyFReLHDkZo8mxy/dLWMr+Mpb1MokGJ1FqCiqacjZM=
github.com/schollz/progressbar v1.0.0/go.mod h1:/l9I7PC3L3erOuz54ghIRKUEFcosiWfLvJv+Eq26UMs=
